
Microsoft Visual Studio Solution File, Format Version 12.00
# Visual Studio Version 17
VisualStudioVersion = 17.6.33829.357
MinimumVisualStudioVersion = 10.0.40219.1
Project("{FAE04EC0-301F-11D3-BF4B-00C04F79EFBC}") = "Comunicación Seríal Micros", "Comunicación Seríal Micros\Comunicación Seríal Micros.csproj", "{1597F5A9-CB51-4CCC-8083-84E48FD41AB9}"
EndProject
Global
	GlobalSection(SolutionConfigurationPlatforms) = preSolution
		Debug|Any CPU = Debug|Any CPU
		Release|Any CPU = Release|Any CPU
	EndGlobalSection
	GlobalSection(ProjectConfigurationPlatforms) = postSolution
		{1597F5A9-CB51-4CCC-8083-84E48FD41AB9}.Debug|Any CPU.ActiveCfg = Debug|Any CPU
		{1597F5A9-CB51-4CCC-8083-84E48FD41AB9}.Debug|Any CPU.Build.0 = Debug|Any CPU
		{1597F5A9-CB51-4CCC-8083-84E48FD41AB9}.Release|Any CPU.ActiveCfg = Release|Any CPU
		{1597F5A9-CB51-4CCC-8083-84E48FD41AB9}.Release|Any CPU.Build.0 = Release|Any CPU
	EndGlobalSection
	GlobalSection(SolutionProperties) = preSolution
		HideSolutionNode = FALSE
	EndGlobalSection
	GlobalSection(ExtensibilityGlobals) = postSolution
		SolutionGuid = {B1D292C6-574E-4009-A63B-25EBDDF5AFA1}
	EndGlobalSection
EndGlobal
